// !$*UTF8*$!
{
	archiveVersion = 1;
	classes = {
	};
	objectVersion = 56;
	objects = {

/* Begin PBXBuildFile section */
		861755FB2BC9824D009E2D43 /* LaunchViewController.swift in Sources */ = {isa = PBXBuildFile; fileRef = 861755FA2BC9824D009E2D43 /* LaunchViewController.swift */; };
		861755FD2BC982A0009E2D43 /* TabBarController.swift in Sources */ = {isa = PBXBuildFile; fileRef = 861755FC2BC982A0009E2D43 /* TabBarController.swift */; };
		861755FF2BC982C8009E2D43 /* Common.swift in Sources */ = {isa = PBXBuildFile; fileRef = 861755FE2BC982C8009E2D43 /* Common.swift */; };
		861756012BC9835E009E2D43 /* TabBarFactory.swift in Sources */ = {isa = PBXBuildFile; fileRef = 861756002BC9835E009E2D43 /* TabBarFactory.swift */; };
		861756042BC985A2009E2D43 /* VCChild1.swift in Sources */ = {isa = PBXBuildFile; fileRef = 861756032BC985A2009E2D43 /* VCChild1.swift */; };
		861756062BC9C6C2009E2D43 /* VCChild2.swift in Sources */ = {isa = PBXBuildFile; fileRef = 861756052BC9C6C2009E2D43 /* VCChild2.swift */; };
		86DEC0552AAA346000CDD90C /* AppDelegate.swift in Sources */ = {isa = PBXBuildFile; fileRef = 86DEC0542AAA346000CDD90C /* AppDelegate.swift */; };
		86DEC0572AAA346000CDD90C /* SceneDelegate.swift in Sources */ = {isa = PBXBuildFile; fileRef = 86DEC0562AAA346000CDD90C /* SceneDelegate.swift */; };
		86DEC05C2AAA346000CDD90C /* Main.storyboard in Resources */ = {isa = PBXBuildFile; fileRef = 86DEC05A2AAA346000CDD90C /* Main.storyboard */; };
		86DEC05E2AAA346100CDD90C /* Assets.xcassets in Resources */ = {isa = PBXBuildFile; fileRef = 86DEC05D2AAA346100CDD90C /* Assets.xcassets */; };
		86DEC0612AAA346100CDD90C /* LaunchScreen.storyboard in Resources */ = {isa = PBXBuildFile; fileRef = 86DEC05F2AAA346100CDD90C /* LaunchScreen.storyboard */; };
		86DEC06A2AAA348600CDD90C /* VCMain1.swift in Sources */ = {isa = PBXBuildFile; fileRef = 86DEC0692AAA348600CDD90C /* VCMain1.swift */; };
		86DEC06C2AAA349400CDD90C /* VCMain2.swift in Sources */ = {isa = PBXBuildFile; fileRef = 86DEC06B2AAA349400CDD90C /* VCMain2.swift */; };
		86DEC06F2AAA39E900CDD90C /* ScreenConfiguration.swift in Sources */ = {isa = PBXBuildFile; fileRef = 86DEC06E2AAA39E900CDD90C /* ScreenConfiguration.swift */; };
		A6473615B29E7C4D0BCEB269 /* Pods_RouteCompEDU.framework in Frameworks */ = {isa = PBXBuildFile; fileRef = AD41C61EF800D93D3AAE13C3 /* Pods_RouteCompEDU.framework */; };
/* End PBXBuildFile section */

/* Begin PBXFileReference section */
		10F37AD598E0102F93B1E21B /* Pods-RouteCompEDU.debug.xcconfig */ = {isa = PBXFileReference; includeInIndex = 1; lastKnownFileType = text.xcconfig; name = "Pods-RouteCompEDU.debug.xcconfig"; path = "Target Support Files/Pods-RouteCompEDU/Pods-RouteCompEDU.debug.xcconfig"; sourceTree = "<group>"; };
		861755FA2BC9824D009E2D43 /* LaunchViewController.swift */ = {isa = PBXFileReference; lastKnownFileType = sourcecode.swift; path = LaunchViewController.swift; sourceTree = "<group>"; };
		861755FC2BC982A0009E2D43 /* TabBarController.swift */ = {isa = PBXFileReference; lastKnownFileType = sourcecode.swift; path = TabBarController.swift; sourceTree = "<group>"; };
		861755FE2BC982C8009E2D43 /* Common.swift */ = {isa = PBXFileReference; lastKnownFileType = sourcecode.swift; path = Common.swift; sourceTree = "<group>"; };
		861756002BC9835E009E2D43 /* TabBarFactory.swift */ = {isa = PBXFileReference; lastKnownFileType = sourcecode.swift; path = TabBarFactory.swift; sourceTree = "<group>"; };
		861756032BC985A2009E2D43 /* VCChild1.swift */ = {isa = PBXFileReference; lastKnownFileType = sourcecode.swift; path = VCChild1.swift; sourceTree = "<group>"; };
		861756052BC9C6C2009E2D43 /* VCChild2.swift */ = {isa = PBXFileReference; lastKnownFileType = sourcecode.swift; path = VCChild2.swift; sourceTree = "<group>"; };
		86DEC0512AAA346000CDD90C /* RouteCompEDU.app */ = {isa = PBXFileReference; explicitFileType = wrapper.application; includeInIndex = 0; path = RouteCompEDU.app; sourceTree = BUILT_PRODUCTS_DIR; };
		86DEC0542AAA346000CDD90C /* AppDelegate.swift */ = {isa = PBXFileReference; lastKnownFileType = sourcecode.swift; path = AppDelegate.swift; sourceTree = "<group>"; };
		86DEC0562AAA346000CDD90C /* SceneDelegate.swift */ = {isa = PBXFileReference; lastKnownFileType = sourcecode.swift; path = SceneDelegate.swift; sourceTree = "<group>"; };
		86DEC05B2AAA346000CDD90C /* Base */ = {isa = PBXFileReference; lastKnownFileType = file.storyboard; name = Base; path = Base.lproj/Main.storyboard; sourceTree = "<group>"; };
		86DEC05D2AAA346100CDD90C /* Assets.xcassets */ = {isa = PBXFileReference; lastKnownFileType = folder.assetcatalog; path = Assets.xcassets; sourceTree = "<group>"; };
		86DEC0602AAA346100CDD90C /* Base */ = {isa = PBXFileReference; lastKnownFileType = file.storyboard; name = Base; path = Base.lproj/LaunchScreen.storyboard; sourceTree = "<group>"; };
		86DEC0622AAA346100CDD90C /* Info.plist */ = {isa = PBXFileReference; lastKnownFileType = text.plist.xml; path = Info.plist; sourceTree = "<group>"; };
		86DEC0692AAA348600CDD90C /* VCMain1.swift */ = {isa = PBXFileReference; lastKnownFileType = sourcecode.swift; path = VCMain1.swift; sourceTree = "<group>"; };
		86DEC06B2AAA349400CDD90C /* VCMain2.swift */ = {isa = PBXFileReference; lastKnownFileType = sourcecode.swift; path = VCMain2.swift; sourceTree = "<group>"; };
		86DEC06E2AAA39E900CDD90C /* ScreenConfiguration.swift */ = {isa = PBXFileReference; lastKnownFileType = sourcecode.swift; path = ScreenConfiguration.swift; sourceTree = "<group>"; };
		ACA7023C9BD3EB69C7015270 /* Pods-RouteCompEDU.release.xcconfig */ = {isa = PBXFileReference; includeInIndex = 1; lastKnownFileType = text.xcconfig; name = "Pods-RouteCompEDU.release.xcconfig"; path = "Target Support Files/Pods-RouteCompEDU/Pods-RouteCompEDU.release.xcconfig"; sourceTree = "<group>"; };
		AD41C61EF800D93D3AAE13C3 /* Pods_RouteCompEDU.framework */ = {isa = PBXFileReference; explicitFileType = wrapper.framework; includeInIndex = 0; path = Pods_RouteCompEDU.framework; sourceTree = BUILT_PRODUCTS_DIR; };
/* End PBXFileReference section */

/* Begin PBXFrameworksBuildPhase section */
		86DEC04E2AAA346000CDD90C /* Frameworks */ = {
			isa = PBXFrameworksBuildPhase;
			buildActionMask = 2147483647;
			files = (
				A6473615B29E7C4D0BCEB269 /* Pods_RouteCompEDU.framework in Frameworks */,
			);
			runOnlyForDeploymentPostprocessing = 0;
		};
/* End PBXFrameworksBuildPhase section */

/* Begin PBXGroup section */
		03D83615D79C25702724A095 /* Frameworks */ = {
			isa = PBXGroup;
			children = (
				AD41C61EF800D93D3AAE13C3 /* Pods_RouteCompEDU.framework */,
			);
			name = Frameworks;
			sourceTree = "<group>";
		};
		4C0D09A7A91EB39BF369DAE1 /* Pods */ = {
			isa = PBXGroup;
			children = (
				10F37AD598E0102F93B1E21B /* Pods-RouteCompEDU.debug.xcconfig */,
				ACA7023C9BD3EB69C7015270 /* Pods-RouteCompEDU.release.xcconfig */,
			);
			path = Pods;
			sourceTree = "<group>";
		};
		861756022BC98390009E2D43 /* Main */ = {
			isa = PBXGroup;
			children = (
				861755FA2BC9824D009E2D43 /* LaunchViewController.swift */,
				861755FC2BC982A0009E2D43 /* TabBarController.swift */,
				861755FE2BC982C8009E2D43 /* Common.swift */,
				861756002BC9835E009E2D43 /* TabBarFactory.swift */,
			);
			path = Main;
			sourceTree = "<group>";
		};
		86DEC0482AAA346000CDD90C = {
			isa = PBXGroup;
			children = (
				86DEC0532AAA346000CDD90C /* RouteCompEDU */,
				86DEC0522AAA346000CDD90C /* Products */,
				4C0D09A7A91EB39BF369DAE1 /* Pods */,
				03D83615D79C25702724A095 /* Frameworks */,
			);
			sourceTree = "<group>";
		};
		86DEC0522AAA346000CDD90C /* Products */ = {
			isa = PBXGroup;
			children = (
				86DEC0512AAA346000CDD90C /* RouteCompEDU.app */,
			);
			name = Products;
			sourceTree = "<group>";
		};
		86DEC0532AAA346000CDD90C /* RouteCompEDU */ = {
			isa = PBXGroup;
			children = (
				86DEC06D2AAA39CE00CDD90C /* RC */,
				86DEC0682AAA346700CDD90C /* VCs */,
				86DEC0542AAA346000CDD90C /* AppDelegate.swift */,
				86DEC0562AAA346000CDD90C /* SceneDelegate.swift */,
				86DEC05A2AAA346000CDD90C /* Main.storyboard */,
				86DEC05D2AAA346100CDD90C /* Assets.xcassets */,
				86DEC05F2AAA346100CDD90C /* LaunchScreen.storyboard */,
				86DEC0622AAA346100CDD90C /* Info.plist */,
			);
			path = RouteCompEDU;
			sourceTree = "<group>";
		};
		86DEC0682AAA346700CDD90C /* VCs */ = {
			isa = PBXGroup;
			children = (
				86DEC0692AAA348600CDD90C /* VCMain1.swift */,
				86DEC06B2AAA349400CDD90C /* VCMain2.swift */,
				861756022BC98390009E2D43 /* Main */,
				861756032BC985A2009E2D43 /* VCChild1.swift */,
				861756052BC9C6C2009E2D43 /* VCChild2.swift */,
			);
			path = VCs;
			sourceTree = "<group>";
		};
		86DEC06D2AAA39CE00CDD90C /* RC */ = {
			isa = PBXGroup;
			children = (
				86DEC06E2AAA39E900CDD90C /* ScreenConfiguration.swift */,
			);
			path = RC;
			sourceTree = "<group>";
		};
/* End PBXGroup section */

/* Begin PBXNativeTarget section */
		86DEC0502AAA346000CDD90C /* RouteCompEDU */ = {
			isa = PBXNativeTarget;
			buildConfigurationList = 86DEC0652AAA346100CDD90C /* Build configuration list for PBXNativeTarget "RouteCompEDU" */;
			buildPhases = (
				2AE99F57461FCA5F836D1022 /* [CP] Check Pods Manifest.lock */,
				86DEC04D2AAA346000CDD90C /* Sources */,
				86DEC04E2AAA346000CDD90C /* Frameworks */,
				86DEC04F2AAA346000CDD90C /* Resources */,
				EC4C515CA205F9A6542D3BFA /* [CP] Embed Pods Frameworks */,
			);
			buildRules = (
			);
			dependencies = (
			);
			name = RouteCompEDU;
			productName = RouteCompEDU;
			productReference = 86DEC0512AAA346000CDD90C /* RouteCompEDU.app */;
			productType = "com.apple.product-type.application";
		};
/* End PBXNativeTarget section */

/* Begin PBXProject section */
		86DEC0492AAA346000CDD90C /* Project object */ = {
			isa = PBXProject;
			attributes = {
				BuildIndependentTargetsInParallel = 1;
				LastSwiftUpdateCheck = 1430;
				LastUpgradeCheck = 1430;
				TargetAttributes = {
					86DEC0502AAA346000CDD90C = {
						CreatedOnToolsVersion = 14.3.1;
					};
				};
			};
			buildConfigurationList = 86DEC04C2AAA346000CDD90C /* Build configuration list for PBXProject "RouteCompEDU" */;
			compatibilityVersion = "Xcode 14.0";
			developmentRegion = en;
			hasScannedForEncodings = 0;
			knownRegions = (
				en,
				Base,
			);
			mainGroup = 86DEC0482AAA346000CDD90C;
			productRefGroup = 86DEC0522AAA346000CDD90C /* Products */;
			projectDirPath = "";
			projectRoot = "";
			targets = (
				86DEC0502AAA346000CDD90C /* RouteCompEDU */,
			);
		};
/* End PBXProject section */

/* Begin PBXResourcesBuildPhase section */
		86DEC04F2AAA346000CDD90C /* Resources */ = {
			isa = PBXResourcesBuildPhase;
			buildActionMask = 2147483647;
			files = (
				86DEC0612AAA346100CDD90C /* LaunchScreen.storyboard in Resources */,
				86DEC05E2AAA346100CDD90C /* Assets.xcassets in Resources */,
				86DEC05C2AAA346000CDD90C /* Main.storyboard in Resources */,
			);
			runOnlyForDeploymentPostprocessing = 0;
		};
/* End PBXResourcesBuildPhase section */

/* Begin PBXShellScriptBuildPhase section */
		2AE99F57461FCA5F836D1022 /* [CP] Check Pods Manifest.lock */ = {
			isa = PBXShellScriptBuildPhase;
			buildActionMask = 2147483647;
			files = (
			);
			inputFileListPaths = (
			);
			inputPaths = (
				"${PODS_PODFILE_DIR_PATH}/Podfile.lock",
				"${PODS_ROOT}/Manifest.lock",
			);
			name = "[CP] Check Pods Manifest.lock";
			outputFileListPaths = (
			);
			outputPaths = (
				"$(DERIVED_FILE_DIR)/Pods-RouteCompEDU-checkManifestLockResult.txt",
			);
			runOnlyForDeploymentPostprocessing = 0;
			shellPath = /bin/sh;
			shellScript = "diff \"${PODS_PODFILE_DIR_PATH}/Podfile.lock\" \"${PODS_ROOT}/Manifest.lock\" > /dev/null\nif [ $? != 0 ] ; then\n    # print error to STDERR\n    echo \"error: The sandbox is not in sync with the Podfile.lock. Run 'pod install' or update your CocoaPods installation.\" >&2\n    exit 1\nfi\n# This output is used by Xcode 'outputs' to avoid re-running this script phase.\necho \"SUCCESS\" > \"${SCRIPT_OUTPUT_FILE_0}\"\n";
			showEnvVarsInLog = 0;
		};
		EC4C515CA205F9A6542D3BFA /* [CP] Embed Pods Frameworks */ = {
			isa = PBXShellScriptBuildPhase;
			buildActionMask = 2147483647;
			files = (
			);
			inputFileListPaths = (
				"${PODS_ROOT}/Target Support Files/Pods-RouteCompEDU/Pods-RouteCompEDU-frameworks-${CONFIGURATION}-input-files.xcfilelist",
			);
			name = "[CP] Embed Pods Frameworks";
			outputFileListPaths = (
				"${PODS_ROOT}/Target Support Files/Pods-RouteCompEDU/Pods-RouteCompEDU-frameworks-${CONFIGURATION}-output-files.xcfilelist",
			);
			runOnlyForDeploymentPostprocessing = 0;
			shellPath = /bin/sh;
			shellScript = "\"${PODS_ROOT}/Target Support Files/Pods-RouteCompEDU/Pods-RouteCompEDU-frameworks.sh\"\n";
			showEnvVarsInLog = 0;
		};
/* End PBXShellScriptBuildPhase section */

/* Begin PBXSourcesBuildPhase section */
		86DEC04D2AAA346000CDD90C /* Sources */ = {
			isa = PBXSourcesBuildPhase;
			buildActionMask = 2147483647;
			files = (
				861755FF2BC982C8009E2D43 /* Common.swift in Sources */,
				86DEC0552AAA346000CDD90C /* AppDelegate.swift in Sources */,
				861755FB2BC9824D009E2D43 /* LaunchViewController.swift in Sources */,
				86DEC06C2AAA349400CDD90C /* VCMain2.swift in Sources */,
				86DEC0572AAA346000CDD90C /* SceneDelegate.swift in Sources */,
				861755FD2BC982A0009E2D43 /* TabBarController.swift in Sources */,
				861756062BC9C6C2009E2D43 /* VCChild2.swift in Sources */,
				86DEC06A2AAA348600CDD90C /* VCMain1.swift in Sources */,
				861756042BC985A2009E2D43 /* VCChild1.swift in Sources */,
				861756012BC9835E009E2D43 /* TabBarFactory.swift in Sources */,
				86DEC06F2AAA39E900CDD90C /* ScreenConfiguration.swift in Sources */,
			);
			runOnlyForDeploymentPostprocessing = 0;
		};
/* End PBXSourcesBuildPhase section */

/* Begin PBXVariantGroup section */
		86DEC05A2AAA346000CDD90C /* Main.storyboard */ = {
			isa = PBXVariantGroup;
			children = (
				86DEC05B2AAA346000CDD90C /* Base */,
			);
			name = Main.storyboard;
			sourceTree = "<group>";
		};
		86DEC05F2AAA346100CDD90C /* LaunchScreen.storyboard */ = {
			isa = PBXVariantGroup;
			children = (
				86DEC0602AAA346100CDD90C /* Base */,
			);
			name = LaunchScreen.storyboard;
			sourceTree = "<group>";
		};
/* End PBXVariantGroup section */

/* Begin XCBuildConfiguration section */
		86DEC0632AAA346100CDD90C /* Debug */ = {
			isa = XCBuildConfiguration;
			buildSettings = {
				ALWAYS_SEARCH_USER_PATHS = NO;
				CLANG_ANALYZER_NONNULL = YES;
				CLANG_ANALYZER_NUMBER_OBJECT_CONVERSION = YES_AGGRESSIVE;
				CLANG_CXX_LANGUAGE_STANDARD = "gnu++20";
				CLANG_ENABLE_MODULES = YES;
				CLANG_ENABLE_OBJC_ARC = YES;
				CLANG_ENABLE_OBJC_WEAK = YES;
				CLANG_WARN_BLOCK_CAPTURE_AUTORELEASING = YES;
				CLANG_WARN_BOOL_CONVERSION = YES;
				CLANG_WARN_COMMA = YES;
				CLANG_WARN_CONSTANT_CONVERSION = YES;
				CLANG_WARN_DEPRECATED_OBJC_IMPLEMENTATIONS = YES;
				CLANG_WARN_DIRECT_OBJC_ISA_USAGE = YES_ERROR;
				CLANG_WARN_DOCUMENTATION_COMMENTS = YES;
				CLANG_WARN_EMPTY_BODY = YES;
				CLANG_WARN_ENUM_CONVERSION = YES;
				CLANG_WARN_INFINITE_RECURSION = YES;
				CLANG_WARN_INT_CONVERSION = YES;
				CLANG_WARN_NON_LITERAL_NULL_CONVERSION = YES;
				CLANG_WARN_OBJC_IMPLICIT_RETAIN_SELF = YES;
				CLANG_WARN_OBJC_LITERAL_CONVERSION = YES;
				CLANG_WARN_OBJC_ROOT_CLASS = YES_ERROR;
				CLANG_WARN_QUOTED_INCLUDE_IN_FRAMEWORK_HEADER = YES;
				CLANG_WARN_RANGE_LOOP_ANALYSIS = YES;
				CLANG_WARN_STRICT_PROTOTYPES = YES;
				CLANG_WARN_SUSPICIOUS_MOVE = YES;
				CLANG_WARN_UNGUARDED_AVAILABILITY = YES_AGGRESSIVE;
				CLANG_WARN_UNREACHABLE_CODE = YES;
				CLANG_WARN__DUPLICATE_METHOD_MATCH = YES;
				COPY_PHASE_STRIP = NO;
				DEBUG_INFORMATION_FORMAT = dwarf;
				ENABLE_STRICT_OBJC_MSGSEND = YES;
				ENABLE_TESTABILITY = YES;
				GCC_C_LANGUAGE_STANDARD = gnu11;
				GCC_DYNAMIC_NO_PIC = NO;
				GCC_NO_COMMON_BLOCKS = YES;
				GCC_OPTIMIZATION_LEVEL = 0;
				GCC_PREPROCESSOR_DEFINITIONS = (
					"DEBUG=1",
					"$(inherited)",
				);
				GCC_WARN_64_TO_32_BIT_CONVERSION = YES;
				GCC_WARN_ABOUT_RETURN_TYPE = YES_ERROR;
				GCC_WARN_UNDECLARED_SELECTOR = YES;
				GCC_WARN_UNINITIALIZED_AUTOS = YES_AGGRESSIVE;
				GCC_WARN_UNUSED_FUNCTION = YES;
				GCC_WARN_UNUSED_VARIABLE = YES;
				IPHONEOS_DEPLOYMENT_TARGET = 16.4;
				MTL_ENABLE_DEBUG_INFO = INCLUDE_SOURCE;
				MTL_FAST_MATH = YES;
				ONLY_ACTIVE_ARCH = YES;
				SDKROOT = iphoneos;
				SWIFT_ACTIVE_COMPILATION_CONDITIONS = DEBUG;
				SWIFT_OPTIMIZATION_LEVEL = "-Onone";
			};
			name = Debug;
		};
		86DEC0642AAA346100CDD90C /* Release */ = {
			isa = XCBuildConfiguration;
			buildSettings = {
				ALWAYS_SEARCH_USER_PATHS = NO;
				CLANG_ANALYZER_NONNULL = YES;
				CLANG_ANALYZER_NUMBER_OBJECT_CONVERSION = YES_AGGRESSIVE;
				CLANG_CXX_LANGUAGE_STANDARD = "gnu++20";
				CLANG_ENABLE_MODULES = YES;
				CLANG_ENABLE_OBJC_ARC = YES;
				CLANG_ENABLE_OBJC_WEAK = YES;
				CLANG_WARN_BLOCK_CAPTURE_AUTORELEASING = YES;
				CLANG_WARN_BOOL_CONVERSION = YES;
				CLANG_WARN_COMMA = YES;
				CLANG_WARN_CONSTANT_CONVERSION = YES;
				CLANG_WARN_DEPRECATED_OBJC_IMPLEMENTATIONS = YES;
				CLANG_WARN_DIRECT_OBJC_ISA_USAGE = YES_ERROR;
				CLANG_WARN_DOCUMENTATION_COMMENTS = YES;
				CLANG_WARN_EMPTY_BODY = YES;
				CLANG_WARN_ENUM_CONVERSION = YES;
				CLANG_WARN_INFINITE_RECURSION = YES;
				CLANG_WARN_INT_CONVERSION = YES;
				CLANG_WARN_NON_LITERAL_NULL_CONVERSION = YES;
				CLANG_WARN_OBJC_IMPLICIT_RETAIN_SELF = YES;
				CLANG_WARN_OBJC_LITERAL_CONVERSION = YES;
				CLANG_WARN_OBJC_ROOT_CLASS = YES_ERROR;
				CLANG_WARN_QUOTED_INCLUDE_IN_FRAMEWORK_HEADER = YES;
				CLANG_WARN_RANGE_LOOP_ANALYSIS = YES;
				CLANG_WARN_STRICT_PROTOTYPES = YES;
				CLANG_WARN_SUSPICIOUS_MOVE = YES;
				CLANG_WARN_UNGUARDED_AVAILABILITY = YES_AGGRESSIVE;
				CLANG_WARN_UNREACHABLE_CODE = YES;
				CLANG_WARN__DUPLICATE_METHOD_MATCH = YES;
				COPY_PHASE_STRIP = NO;
				DEBUG_INFORMATION_FORMAT = "dwarf-with-dsym";
				ENABLE_NS_ASSERTIONS = NO;
				ENABLE_STRICT_OBJC_MSGSEND = YES;
				GCC_C_LANGUAGE_STANDARD = gnu11;
				GCC_NO_COMMON_BLOCKS = YES;
				GCC_WARN_64_TO_32_BIT_CONVERSION = YES;
				GCC_WARN_ABOUT_RETURN_TYPE = YES_ERROR;
				GCC_WARN_UNDECLARED_SELECTOR = YES;
				GCC_WARN_UNINITIALIZED_AUTOS = YES_AGGRESSIVE;
				GCC_WARN_UNUSED_FUNCTION = YES;
				GCC_WARN_UNUSED_VARIABLE = YES;
				IPHONEOS_DEPLOYMENT_TARGET = 16.4;
				MTL_ENABLE_DEBUG_INFO = NO;
				MTL_FAST_MATH = YES;
				SDKROOT = iphoneos;
				SWIFT_COMPILATION_MODE = wholemodule;
				SWIFT_OPTIMIZATION_LEVEL = "-O";
				VALIDATE_PRODUCT = YES;
			};
			name = Release;
		};
		86DEC0662AAA346100CDD90C /* Debug */ = {
			isa = XCBuildConfiguration;
			baseConfigurationReference = 10F37AD598E0102F93B1E21B /* Pods-RouteCompEDU.debug.xcconfig */;
			buildSettings = {
				ASSETCATALOG_COMPILER_APPICON_NAME = AppIcon;
				ASSETCATALOG_COMPILER_GLOBAL_ACCENT_COLOR_NAME = AccentColor;
				CODE_SIGN_STYLE = Automatic;
				CURRENT_PROJECT_VERSION = 1;
				DEVELOPMENT_TEAM = BT7NEHF4NA;
				GENERATE_INFOPLIST_FILE = YES;
				INFOPLIST_FILE = RouteCompEDU/Info.plist;
				INFOPLIST_KEY_UIApplicationSupportsIndirectInputEvents = YES;
				INFOPLIST_KEY_UILaunchStoryboardName = LaunchScreen;
				INFOPLIST_KEY_UIMainStoryboardFile = Main;
				INFOPLIST_KEY_UISupportedInterfaceOrientations_iPad = "UIInterfaceOrientationPortrait UIInterfaceOrientationPortraitUpsideDown UIInterfaceOrientationLandscapeLeft UIInterfaceOrientationLandscapeRight";
				INFOPLIST_KEY_UISupportedInterfaceOrientations_iPhone = "UIInterfaceOrientationPortrait UIInterfaceOrientationLandscapeLeft UIInterfaceOrientationLandscapeRight";
				LD_RUNPATH_SEARCH_PATHS = (
					"$(inherited)",
					"@executable_path/Frameworks",
				);
				MARKETING_VERSION = 1.0;
				PRODUCT_BUNDLE_IDENTIFIER = ru.yudin.RouteCompEDU;
				PRODUCT_NAME = "$(TARGET_NAME)";
				SWIFT_EMIT_LOC_STRINGS = YES;
				SWIFT_VERSION = 5.0;
				TARGETED_DEVICE_FAMILY = "1,2";
			};
			name = Debug;
		};
		86DEC0672AAA346100CDD90C /* Release */ = {
			isa = XCBuildConfiguration;
			baseConfigurationReference = ACA7023C9BD3EB69C7015270 /* Pods-RouteCompEDU.release.xcconfig */;
			buildSettings = {
				ASSETCATALOG_COMPILER_APPICON_NAME = AppIcon;
				ASSETCATALOG_COMPILER_GLOBAL_ACCENT_COLOR_NAME = AccentColor;
				CODE_SIGN_STYLE = Automatic;
				CURRENT_PROJECT_VERSION = 1;
				DEVELOPMENT_TEAM = BT7NEHF4NA;
				GENERATE_INFOPLIST_FILE = YES;
				INFOPLIST_FILE = RouteCompEDU/Info.plist;
				INFOPLIST_KEY_UIApplicationSupportsIndirectInputEvents = YES;
				INFOPLIST_KEY_UILaunchStoryboardName = LaunchScreen;
				INFOPLIST_KEY_UIMainStoryboardFile = Main;
				INFOPLIST_KEY_UISupportedInterfaceOrientations_iPad = "UIInterfaceOrientationPortrait UIInterfaceOrientationPortraitUpsideDown UIInterfaceOrientationLandscapeLeft UIInterfaceOrientationLandscapeRight";
				INFOPLIST_KEY_UISupportedInterfaceOrientations_iPhone = "UIInterfaceOrientationPortrait UIInterfaceOrientationLandscapeLeft UIInterfaceOrientationLandscapeRight";
				LD_RUNPATH_SEARCH_PATHS = (
					"$(inherited)",
					"@executable_path/Frameworks",
				);
				MARKETING_VERSION = 1.0;
				PRODUCT_BUNDLE_IDENTIFIER = ru.yudin.RouteCompEDU;
				PRODUCT_NAME = "$(TARGET_NAME)";
				SWIFT_EMIT_LOC_STRINGS = YES;
				SWIFT_VERSION = 5.0;
				TARGETED_DEVICE_FAMILY = "1,2";
			};
			name = Release;
		};
/* End XCBuildConfiguration section */

/* Begin XCConfigurationList section */
		86DEC04C2AAA346000CDD90C /* Build configuration list for PBXProject "RouteCompEDU" */ = {
			isa = XCConfigurationList;
			buildConfigurations = (
				86DEC0632AAA346100CDD90C /* Debug */,
				86DEC0642AAA346100CDD90C /* Release */,
			);
			defaultConfigurationIsVisible = 0;
			defaultConfigurationName = Release;
		};
		86DEC0652AAA346100CDD90C /* Build configuration list for PBXNativeTarget "RouteCompEDU" */ = {
			isa = XCConfigurationList;
			buildConfigurations = (
				86DEC0662AAA346100CDD90C /* Debug */,
				86DEC0672AAA346100CDD90C /* Release */,
			);
			defaultConfigurationIsVisible = 0;
			defaultConfigurationName = Release;
		};
/* End XCConfigurationList section */
	};
	rootObject = 86DEC0492AAA346000CDD90C /* Project object */;
}
